// !$*UTF8*$!
{
	archiveVersion = 1;
	classes = {
	};
	objectVersion = 56;
	objects = {

/* Begin PBXBuildFile section */
		865212DA2B9DED77008B3956 /* AppDelegate.swift in Sources */ = {isa = PBXBuildFile; fileRef = 865212D92B9DED77008B3956 /* AppDelegate.swift */; };
		865212DC2B9DED77008B3956 /* SceneDelegate.swift in Sources */ = {isa = PBXBuildFile; fileRef = 865212DB2B9DED77008B3956 /* SceneDelegate.swift */; };
		865212DE2B9DED77008B3956 /* ViewController.swift in Sources */ = {isa = PBXBuildFile; fileRef = 865212DD2B9DED77008B3956 /* ViewController.swift */; };
		865212E32B9DED79008B3956 /* Assets.xcassets in Resources */ = {isa = PBXBuildFile; fileRef = 865212E22B9DED79008B3956 /* Assets.xcassets */; };
		865212E62B9DED79008B3956 /* LaunchScreen.storyboard in Resources */ = {isa = PBXBuildFile; fileRef = 865212E42B9DED79008B3956 /* LaunchScreen.storyboard */; };
		865212F22B9DF03C008B3956 /* Model.swift in Sources */ = {isa = PBXBuildFile; fileRef = 865212F12B9DF03C008B3956 /* Model.swift */; };
		865212F52B9DF09C008B3956 /* ApiManager.swift in Sources */ = {isa = PBXBuildFile; fileRef = 865212F42B9DF09C008B3956 /* ApiManager.swift */; };
		865212F82B9DF465008B3956 /* UiTableViewCell.swift in Sources */ = {isa = PBXBuildFile; fileRef = 865212F72B9DF465008B3956 /* UiTableViewCell.swift */; };
		865212FA2B9DF480008B3956 /* BeerCell.swift in Sources */ = {isa = PBXBuildFile; fileRef = 865212F92B9DF480008B3956 /* BeerCell.swift */; };
		865212FC2B9DF899008B3956 /* Presenter.swift in Sources */ = {isa = PBXBuildFile; fileRef = 865212FB2B9DF899008B3956 /* Presenter.swift */; };
		865213002BA0AA3A008B3956 /* ImageCacheManager.swift in Sources */ = {isa = PBXBuildFile; fileRef = 865212FF2BA0AA3A008B3956 /* ImageCacheManager.swift */; };
		865213032BA0ADED008B3956 /* AppComponents.swift in Sources */ = {isa = PBXBuildFile; fileRef = 865213022BA0ADED008B3956 /* AppComponents.swift */; };
		865213052BA0B368008B3956 /* NSCache+Extension.swift in Sources */ = {isa = PBXBuildFile; fileRef = 865213042BA0B368008B3956 /* NSCache+Extension.swift */; };
		865213072BA0CB21008B3956 /* InfoBeerController.swift in Sources */ = {isa = PBXBuildFile; fileRef = 865213062BA0CB21008B3956 /* InfoBeerController.swift */; };
/* End PBXBuildFile section */

/* Begin PBXFileReference section */
		865212D62B9DED77008B3956 /* Beer.app */ = {isa = PBXFileReference; explicitFileType = wrapper.application; includeInIndex = 0; path = Beer.app; sourceTree = BUILT_PRODUCTS_DIR; };
		865212D92B9DED77008B3956 /* AppDelegate.swift */ = {isa = PBXFileReference; lastKnownFileType = sourcecode.swift; path = AppDelegate.swift; sourceTree = "<group>"; };
		865212DB2B9DED77008B3956 /* SceneDelegate.swift */ = {isa = PBXFileReference; lastKnownFileType = sourcecode.swift; path = SceneDelegate.swift; sourceTree = "<group>"; };
		865212DD2B9DED77008B3956 /* ViewController.swift */ = {isa = PBXFileReference; lastKnownFileType = sourcecode.swift; path = ViewController.swift; sourceTree = "<group>"; };
		865212E22B9DED79008B3956 /* Assets.xcassets */ = {isa = PBXFileReference; lastKnownFileType = folder.assetcatalog; path = Assets.xcassets; sourceTree = "<group>"; };
		865212E52B9DED79008B3956 /* Base */ = {isa = PBXFileReference; lastKnownFileType = file.storyboard; name = Base; path = Base.lproj/LaunchScreen.storyboard; sourceTree = "<group>"; };
		865212E72B9DED79008B3956 /* Info.plist */ = {isa = PBXFileReference; lastKnownFileType = text.plist.xml; path = Info.plist; sourceTree = "<group>"; };
		865212F12B9DF03C008B3956 /* Model.swift */ = {isa = PBXFileReference; lastKnownFileType = sourcecode.swift; path = Model.swift; sourceTree = "<group>"; };
		865212F42B9DF09C008B3956 /* ApiManager.swift */ = {isa = PBXFileReference; lastKnownFileType = sourcecode.swift; path = ApiManager.swift; sourceTree = "<group>"; };
		865212F72B9DF465008B3956 /* UiTableViewCell.swift */ = {isa = PBXFileReference; lastKnownFileType = sourcecode.swift; path = UiTableViewCell.swift; sourceTree = "<group>"; };
		865212F92B9DF480008B3956 /* BeerCell.swift */ = {isa = PBXFileReference; lastKnownFileType = sourcecode.swift; path = BeerCell.swift; sourceTree = "<group>"; };
		865212FB2B9DF899008B3956 /* Presenter.swift */ = {isa = PBXFileReference; lastKnownFileType = sourcecode.swift; path = Presenter.swift; sourceTree = "<group>"; };
		865212FF2BA0AA3A008B3956 /* ImageCacheManager.swift */ = {isa = PBXFileReference; lastKnownFileType = sourcecode.swift; path = ImageCacheManager.swift; sourceTree = "<group>"; };
		865213022BA0ADED008B3956 /* AppComponents.swift */ = {isa = PBXFileReference; lastKnownFileType = sourcecode.swift; path = AppComponents.swift; sourceTree = "<group>"; };
		865213042BA0B368008B3956 /* NSCache+Extension.swift */ = {isa = PBXFileReference; lastKnownFileType = sourcecode.swift; path = "NSCache+Extension.swift"; sourceTree = "<group>"; };
		865213062BA0CB21008B3956 /* InfoBeerController.swift */ = {isa = PBXFileReference; lastKnownFileType = sourcecode.swift; path = InfoBeerController.swift; sourceTree = "<group>"; };
/* End PBXFileReference section */

/* Begin PBXFrameworksBuildPhase section */
		865212D32B9DED77008B3956 /* Frameworks */ = {
			isa = PBXFrameworksBuildPhase;
			buildActionMask = 2147483647;
			files = (
			);
			runOnlyForDeploymentPostprocessing = 0;
		};
/* End PBXFrameworksBuildPhase section */

/* Begin PBXGroup section */
		865212CD2B9DED77008B3956 = {
			isa = PBXGroup;
			children = (
				865212D82B9DED77008B3956 /* Beer */,
				865212D72B9DED77008B3956 /* Products */,
			);
			sourceTree = "<group>";
		};
		865212D72B9DED77008B3956 /* Products */ = {
			isa = PBXGroup;
			children = (
				865212D62B9DED77008B3956 /* Beer.app */,
			);
			name = Products;
			sourceTree = "<group>";
		};
		865212D82B9DED77008B3956 /* Beer */ = {
			isa = PBXGroup;
			children = (
				865213012BA0ADD8008B3956 /* AppComponents */,
				865212F62B9DF452008B3956 /* Extansions */,
				865212F32B9DF082008B3956 /* Manager */,
				865212ED2B9DEE82008B3956 /* BeerModule */,
				865212D92B9DED77008B3956 /* AppDelegate.swift */,
				865212DB2B9DED77008B3956 /* SceneDelegate.swift */,
				865212E22B9DED79008B3956 /* Assets.xcassets */,
				865212E42B9DED79008B3956 /* LaunchScreen.storyboard */,
				865212E72B9DED79008B3956 /* Info.plist */,
			);
			path = Beer;
			sourceTree = "<group>";
		};
		865212ED2B9DEE82008B3956 /* BeerModule */ = {
			isa = PBXGroup;
			children = (
				865212F02B9DEF69008B3956 /* Model */,
				865212EF2B9DEF34008B3956 /* View */,
				865212EE2B9DEF22008B3956 /* Presenter */,
				865212F92B9DF480008B3956 /* BeerCell.swift */,
			);
			path = BeerModule;
			sourceTree = "<group>";
		};
		865212EE2B9DEF22008B3956 /* Presenter */ = {
			isa = PBXGroup;
			children = (
				865212FB2B9DF899008B3956 /* Presenter.swift */,
			);
			path = Presenter;
			sourceTree = "<group>";
		};
		865212EF2B9DEF34008B3956 /* View */ = {
			isa = PBXGroup;
			children = (
				865212DD2B9DED77008B3956 /* ViewController.swift */,
				865213062BA0CB21008B3956 /* InfoBeerController.swift */,
			);
			path = View;
			sourceTree = "<group>";
		};
		865212F02B9DEF69008B3956 /* Model */ = {
			isa = PBXGroup;
			children = (
				865212F12B9DF03C008B3956 /* Model.swift */,
			);
			path = Model;
			sourceTree = "<group>";
		};
		865212F32B9DF082008B3956 /* Manager */ = {
			isa = PBXGroup;
			children = (
				865212F42B9DF09C008B3956 /* ApiManager.swift */,
				865212FF2BA0AA3A008B3956 /* ImageCacheManager.swift */,
			);
			path = Manager;
			sourceTree = "<group>";
		};
		865212F62B9DF452008B3956 /* Extansions */ = {
			isa = PBXGroup;
			children = (
				865212F72B9DF465008B3956 /* UiTableViewCell.swift */,
				865213042BA0B368008B3956 /* NSCache+Extension.swift */,
			);
			path = Extansions;
			sourceTree = "<group>";
		};
		865213012BA0ADD8008B3956 /* AppComponents */ = {
			isa = PBXGroup;
			children = (
				865213022BA0ADED008B3956 /* AppComponents.swift */,
			);
			path = AppComponents;
			sourceTree = "<group>";
		};
/* End PBXGroup section */

/* Begin PBXNativeTarget section */
		865212D52B9DED77008B3956 /* Beer */ = {
			isa = PBXNativeTarget;
			buildConfigurationList = 865212EA2B9DED79008B3956 /* Build configuration list for PBXNativeTarget "Beer" */;
			buildPhases = (
				865212D22B9DED77008B3956 /* Sources */,
				865212D32B9DED77008B3956 /* Frameworks */,
				865212D42B9DED77008B3956 /* Resources */,
			);
			buildRules = (
			);
			dependencies = (
			);
			name = Beer;
			productName = Beer;
			productReference = 865212D62B9DED77008B3956 /* Beer.app */;
			productType = "com.apple.product-type.application";
		};
/* End PBXNativeTarget section */

/* Begin PBXProject section */
		865212CE2B9DED77008B3956 /* Project object */ = {
			isa = PBXProject;
			attributes = {
				BuildIndependentTargetsInParallel = 1;
				LastSwiftUpdateCheck = 1520;
				LastUpgradeCheck = 1520;
				TargetAttributes = {
					865212D52B9DED77008B3956 = {
						CreatedOnToolsVersion = 15.2;
					};
				};
			};
			buildConfigurationList = 865212D12B9DED77008B3956 /* Build configuration list for PBXProject "Beer" */;
			compatibilityVersion = "Xcode 14.0";
			developmentRegion = en;
			hasScannedForEncodings = 0;
			knownRegions = (
				en,
				Base,
			);
			mainGroup = 865212CD2B9DED77008B3956;
			productRefGroup = 865212D72B9DED77008B3956 /* Products */;
			projectDirPath = "";
			projectRoot = "";
			targets = (
				865212D52B9DED77008B3956 /* Beer */,
			);
		};
/* End PBXProject section */

/* Begin PBXResourcesBuildPhase section */
		865212D42B9DED77008B3956 /* Resources */ = {
			isa = PBXResourcesBuildPhase;
			buildActionMask = 2147483647;
			files = (
				865212E62B9DED79008B3956 /* LaunchScreen.storyboard in Resources */,
				865212E32B9DED79008B3956 /* Assets.xcassets in Resources */,
			);
			runOnlyForDeploymentPostprocessing = 0;
		};
/* End PBXResourcesBuildPhase section */

/* Begin PBXSourcesBuildPhase section */
		865212D22B9DED77008B3956 /* Sources */ = {
			isa = PBXSourcesBuildPhase;
			buildActionMask = 2147483647;
			files = (
				865212DE2B9DED77008B3956 /* ViewController.swift in Sources */,
				865212DA2B9DED77008B3956 /* AppDelegate.swift in Sources */,
				865213032BA0ADED008B3956 /* AppComponents.swift in Sources */,
				865213002BA0AA3A008B3956 /* ImageCacheManager.swift in Sources */,
				865212FC2B9DF899008B3956 /* Presenter.swift in Sources */,
				865213052BA0B368008B3956 /* NSCache+Extension.swift in Sources */,
				865212FA2B9DF480008B3956 /* BeerCell.swift in Sources */,
				865212F52B9DF09C008B3956 /* ApiManager.swift in Sources */,
				865212DC2B9DED77008B3956 /* SceneDelegate.swift in Sources */,
				865213072BA0CB21008B3956 /* InfoBeerController.swift in Sources */,
				865212F22B9DF03C008B3956 /* Model.swift in Sources */,
				865212F82B9DF465008B3956 /* UiTableViewCell.swift in Sources */,
			);
			runOnlyForDeploymentPostprocessing = 0;
		};
/* End PBXSourcesBuildPhase section */

/* Begin PBXVariantGroup section */
		865212E42B9DED79008B3956 /* LaunchScreen.storyboard */ = {
			isa = PBXVariantGroup;
			children = (
				865212E52B9DED79008B3956 /* Base */,
			);
			name = LaunchScreen.storyboard;
			sourceTree = "<group>";
		};
/* End PBXVariantGroup section */

/* Begin XCBuildConfiguration section */
		865212E82B9DED79008B3956 /* Debug */ = {
			isa = XCBuildConfiguration;
			buildSettings = {
				ALWAYS_SEARCH_USER_PATHS = NO;
				ASSETCATALOG_COMPILER_GENERATE_SWIFT_ASSET_SYMBOL_EXTENSIONS = YES;
				CLANG_ANALYZER_NONNULL = YES;
				CLANG_ANALYZER_NUMBER_OBJECT_CONVERSION = YES_AGGRESSIVE;
				CLANG_CXX_LANGUAGE_STANDARD = "gnu++20";
				CLANG_ENABLE_MODULES = YES;
				CLANG_ENABLE_OBJC_ARC = YES;
				CLANG_ENABLE_OBJC_WEAK = YES;
				CLANG_WARN_BLOCK_CAPTURE_AUTORELEASING = YES;
				CLANG_WARN_BOOL_CONVERSION = YES;
				CLANG_WARN_COMMA = YES;
				CLANG_WARN_CONSTANT_CONVERSION = YES;
				CLANG_WARN_DEPRECATED_OBJC_IMPLEMENTATIONS = YES;
				CLANG_WARN_DIRECT_OBJC_ISA_USAGE = YES_ERROR;
				CLANG_WARN_DOCUMENTATION_COMMENTS = YES;
				CLANG_WARN_EMPTY_BODY = YES;
				CLANG_WARN_ENUM_CONVERSION = YES;
				CLANG_WARN_INFINITE_RECURSION = YES;
				CLANG_WARN_INT_CONVERSION = YES;
				CLANG_WARN_NON_LITERAL_NULL_CONVERSION = YES;
				CLANG_WARN_OBJC_IMPLICIT_RETAIN_SELF = YES;
				CLANG_WARN_OBJC_LITERAL_CONVERSION = YES;
				CLANG_WARN_OBJC_ROOT_CLASS = YES_ERROR;
				CLANG_WARN_QUOTED_INCLUDE_IN_FRAMEWORK_HEADER = YES;
				CLANG_WARN_RANGE_LOOP_ANALYSIS = YES;
				CLANG_WARN_STRICT_PROTOTYPES = YES;
				CLANG_WARN_SUSPICIOUS_MOVE = YES;
				CLANG_WARN_UNGUARDED_AVAILABILITY = YES_AGGRESSIVE;
				CLANG_WARN_UNREACHABLE_CODE = YES;
				CLANG_WARN__DUPLICATE_METHOD_MATCH = YES;
				COPY_PHASE_STRIP = NO;
				DEBUG_INFORMATION_FORMAT = dwarf;
				ENABLE_STRICT_OBJC_MSGSEND = YES;
				ENABLE_TESTABILITY = YES;
				ENABLE_USER_SCRIPT_SANDBOXING = YES;
				GCC_C_LANGUAGE_STANDARD = gnu17;
				GCC_DYNAMIC_NO_PIC = NO;
				GCC_NO_COMMON_BLOCKS = YES;
				GCC_OPTIMIZATION_LEVEL = 0;
				GCC_PREPROCESSOR_DEFINITIONS = (
					"DEBUG=1",
					"$(inherited)",
				);
				GCC_WARN_64_TO_32_BIT_CONVERSION = YES;
				GCC_WARN_ABOUT_RETURN_TYPE = YES_ERROR;
				GCC_WARN_UNDECLARED_SELECTOR = YES;
				GCC_WARN_UNINITIALIZED_AUTOS = YES_AGGRESSIVE;
				GCC_WARN_UNUSED_FUNCTION = YES;
				GCC_WARN_UNUSED_VARIABLE = YES;
				IPHONEOS_DEPLOYMENT_TARGET = 17.2;
				LOCALIZATION_PREFERS_STRING_CATALOGS = YES;
				MTL_ENABLE_DEBUG_INFO = INCLUDE_SOURCE;
				MTL_FAST_MATH = YES;
				ONLY_ACTIVE_ARCH = YES;
				SDKROOT = iphoneos;
				SWIFT_ACTIVE_COMPILATION_CONDITIONS = "DEBUG $(inherited)";
				SWIFT_OPTIMIZATION_LEVEL = "-Onone";
			};
			name = Debug;
		};
		865212E92B9DED79008B3956 /* Release */ = {
			isa = XCBuildConfiguration;
			buildSettings = {
				ALWAYS_SEARCH_USER_PATHS = NO;
				ASSETCATALOG_COMPILER_GENERATE_SWIFT_ASSET_SYMBOL_EXTENSIONS = YES;
				CLANG_ANALYZER_NONNULL = YES;
				CLANG_ANALYZER_NUMBER_OBJECT_CONVERSION = YES_AGGRESSIVE;
				CLANG_CXX_LANGUAGE_STANDARD = "gnu++20";
				CLANG_ENABLE_MODULES = YES;
				CLANG_ENABLE_OBJC_ARC = YES;
				CLANG_ENABLE_OBJC_WEAK = YES;
				CLANG_WARN_BLOCK_CAPTURE_AUTORELEASING = YES;
				CLANG_WARN_BOOL_CONVERSION = YES;
				CLANG_WARN_COMMA = YES;
				CLANG_WARN_CONSTANT_CONVERSION = YES;
				CLANG_WARN_DEPRECATED_OBJC_IMPLEMENTATIONS = YES;
				CLANG_WARN_DIRECT_OBJC_ISA_USAGE = YES_ERROR;
				CLANG_WARN_DOCUMENTATION_COMMENTS = YES;
				CLANG_WARN_EMPTY_BODY = YES;
				CLANG_WARN_ENUM_CONVERSION = YES;
				CLANG_WARN_INFINITE_RECURSION = YES;
				CLANG_WARN_INT_CONVERSION = YES;
				CLANG_WARN_NON_LITERAL_NULL_CONVERSION = YES;
				CLANG_WARN_OBJC_IMPLICIT_RETAIN_SELF = YES;
				CLANG_WARN_OBJC_LITERAL_CONVERSION = YES;
				CLANG_WARN_OBJC_ROOT_CLASS = YES_ERROR;
				CLANG_WARN_QUOTED_INCLUDE_IN_FRAMEWORK_HEADER = YES;
				CLANG_WARN_RANGE_LOOP_ANALYSIS = YES;
				CLANG_WARN_STRICT_PROTOTYPES = YES;
				CLANG_WARN_SUSPICIOUS_MOVE = YES;
				CLANG_WARN_UNGUARDED_AVAILABILITY = YES_AGGRESSIVE;
				CLANG_WARN_UNREACHABLE_CODE = YES;
				CLANG_WARN__DUPLICATE_METHOD_MATCH = YES;
				COPY_PHASE_STRIP = NO;
				DEBUG_INFORMATION_FORMAT = "dwarf-with-dsym";
				ENABLE_NS_ASSERTIONS = NO;
				ENABLE_STRICT_OBJC_MSGSEND = YES;
				ENABLE_USER_SCRIPT_SANDBOXING = YES;
				GCC_C_LANGUAGE_STANDARD = gnu17;
				GCC_NO_COMMON_BLOCKS = YES;
				GCC_WARN_64_TO_32_BIT_CONVERSION = YES;
				GCC_WARN_ABOUT_RETURN_TYPE = YES_ERROR;
				GCC_WARN_UNDECLARED_SELECTOR = YES;
				GCC_WARN_UNINITIALIZED_AUTOS = YES_AGGRESSIVE;
				GCC_WARN_UNUSED_FUNCTION = YES;
				GCC_WARN_UNUSED_VARIABLE = YES;
				IPHONEOS_DEPLOYMENT_TARGET = 17.2;
				LOCALIZATION_PREFERS_STRING_CATALOGS = YES;
				MTL_ENABLE_DEBUG_INFO = NO;
				MTL_FAST_MATH = YES;
				SDKROOT = iphoneos;
				SWIFT_COMPILATION_MODE = wholemodule;
				VALIDATE_PRODUCT = YES;
			};
			name = Release;
		};
		865212EB2B9DED79008B3956 /* Debug */ = {
			isa = XCBuildConfiguration;
			buildSettings = {
				ASSETCATALOG_COMPILER_APPICON_NAME = AppIcon;
				ASSETCATALOG_COMPILER_GLOBAL_ACCENT_COLOR_NAME = AccentColor;
				CODE_SIGN_STYLE = Automatic;
				CURRENT_PROJECT_VERSION = 1;
				DEVELOPMENT_TEAM = 75BNRYHXJS;
				GENERATE_INFOPLIST_FILE = YES;
				INFOPLIST_FILE = Beer/Info.plist;
				INFOPLIST_KEY_UIApplicationSupportsIndirectInputEvents = YES;
				INFOPLIST_KEY_UILaunchStoryboardName = LaunchScreen;
				INFOPLIST_KEY_UISupportedInterfaceOrientations_iPad = "UIInterfaceOrientationPortrait UIInterfaceOrientationPortraitUpsideDown UIInterfaceOrientationLandscapeLeft UIInterfaceOrientationLandscapeRight";
				INFOPLIST_KEY_UISupportedInterfaceOrientations_iPhone = "UIInterfaceOrientationPortrait UIInterfaceOrientationLandscapeLeft UIInterfaceOrientationLandscapeRight";
				LD_RUNPATH_SEARCH_PATHS = (
					"$(inherited)",
					"@executable_path/Frameworks",
				);
				MARKETING_VERSION = 1.0;
				PRODUCT_BUNDLE_IDENTIFIER = com.nikita.def.Beer;
				PRODUCT_NAME = "$(TARGET_NAME)";
				SWIFT_EMIT_LOC_STRINGS = YES;
				SWIFT_VERSION = 5.0;
				TARGETED_DEVICE_FAMILY = "1,2";
			};
			name = Debug;
		};
		865212EC2B9DED79008B3956 /* Release */ = {
			isa = XCBuildConfiguration;
			buildSettings = {
				ASSETCATALOG_COMPILER_APPICON_NAME = AppIcon;
				ASSETCATALOG_COMPILER_GLOBAL_ACCENT_COLOR_NAME = AccentColor;
				CODE_SIGN_STYLE = Automatic;
				CURRENT_PROJECT_VERSION = 1;
				DEVELOPMENT_TEAM = 75BNRYHXJS;
				GENERATE_INFOPLIST_FILE = YES;
				INFOPLIST_FILE = Beer/Info.plist;
				INFOPLIST_KEY_UIApplicationSupportsIndirectInputEvents = YES;
				INFOPLIST_KEY_UILaunchStoryboardName = LaunchScreen;
				INFOPLIST_KEY_UISupportedInterfaceOrientations_iPad = "UIInterfaceOrientationPortrait UIInterfaceOrientationPortraitUpsideDown UIInterfaceOrientationLandscapeLeft UIInterfaceOrientationLandscapeRight";
				INFOPLIST_KEY_UISupportedInterfaceOrientations_iPhone = "UIInterfaceOrientationPortrait UIInterfaceOrientationLandscapeLeft UIInterfaceOrientationLandscapeRight";
				LD_RUNPATH_SEARCH_PATHS = (
					"$(inherited)",
					"@executable_path/Frameworks",
				);
				MARKETING_VERSION = 1.0;
				PRODUCT_BUNDLE_IDENTIFIER = com.nikita.def.Beer;
				PRODUCT_NAME = "$(TARGET_NAME)";
				SWIFT_EMIT_LOC_STRINGS = YES;
				SWIFT_VERSION = 5.0;
				TARGETED_DEVICE_FAMILY = "1,2";
			};
			name = Release;
		};
/* End XCBuildConfiguration section */

/* Begin XCConfigurationList section */
		865212D12B9DED77008B3956 /* Build configuration list for PBXProject "Beer" */ = {
			isa = XCConfigurationList;
			buildConfigurations = (
				865212E82B9DED79008B3956 /* Debug */,
				865212E92B9DED79008B3956 /* Release */,
			);
			defaultConfigurationIsVisible = 0;
			defaultConfigurationName = Release;
		};
		865212EA2B9DED79008B3956 /* Build configuration list for PBXNativeTarget "Beer" */ = {
			isa = XCConfigurationList;
			buildConfigurations = (
				865212EB2B9DED79008B3956 /* Debug */,
				865212EC2B9DED79008B3956 /* Release */,
			);
			defaultConfigurationIsVisible = 0;
			defaultConfigurationName = Release;
		};
/* End XCConfigurationList section */
	};
	rootObject = 865212CE2B9DED77008B3956 /* Project object */;
}
